
Microsoft Visual Studio Solution File, Format Version 12.00
# Visual Studio Version 17
VisualStudioVersion = 17.0.31903.59
MinimumVisualStudioVersion = 10.0.40219.1
Project("{FAE04EC0-301F-11D3-BF4B-00C04F79EFBC}") = "StableDiffusionCppLib", "StableDiffusionCppLib\StableDiffusionCppLib.csproj", "{35F6CF0B-ED4D-4DEF-AE6B-434B45C28688}"
EndProject
Project("{FAE04EC0-301F-11D3-BF4B-00C04F79EFBC}") = "StableDiffusionCli", "StableDiffusionCli\StableDiffusionCli.csproj", "{917F340E-2A45-42AF-B347-304F5297162B}"
EndProject
Global
	GlobalSection(SolutionConfigurationPlatforms) = preSolution
		Debug|Any CPU = Debug|Any CPU
		Release|Any CPU = Release|Any CPU
	EndGlobalSection
	GlobalSection(SolutionProperties) = preSolution
		HideSolutionNode = FALSE
	EndGlobalSection
	GlobalSection(ProjectConfigurationPlatforms) = postSolution
		{35F6CF0B-ED4D-4DEF-AE6B-434B45C28688}.Debug|Any CPU.ActiveCfg = Debug|Any CPU
		{35F6CF0B-ED4D-4DEF-AE6B-434B45C28688}.Debug|Any CPU.Build.0 = Debug|Any CPU
		{35F6CF0B-ED4D-4DEF-AE6B-434B45C28688}.Release|Any CPU.ActiveCfg = Release|Any CPU
		{35F6CF0B-ED4D-4DEF-AE6B-434B45C28688}.Release|Any CPU.Build.0 = Release|Any CPU
		{917F340E-2A45-42AF-B347-304F5297162B}.Debug|Any CPU.ActiveCfg = Debug|Any CPU
		{917F340E-2A45-42AF-B347-304F5297162B}.Debug|Any CPU.Build.0 = Debug|Any CPU
		{917F340E-2A45-42AF-B347-304F5297162B}.Release|Any CPU.ActiveCfg = Release|Any CPU
		{917F340E-2A45-42AF-B347-304F5297162B}.Release|Any CPU.Build.0 = Release|Any CPU
	EndGlobalSection
EndGlobal
