
Microsoft Visual Studio Solution File, Format Version 12.00
# Visual Studio Version 17
VisualStudioVersion = 17.0.31903.59
MinimumVisualStudioVersion = 10.0.40219.1
Project("{FAE04EC0-301F-11D3-BF4B-00C04F79EFBC}") = "StableDiffusionCppLib", "StableDiffusionCppLib\StableDiffusionCppLib.csproj", "{AFC07806-1586-4D81-9E00-F74EFE03856C}"
EndProject
Project("{FAE04EC0-301F-11D3-BF4B-00C04F79EFBC}") = "StableDiffusionCppCli", "StableDiffusionCppCli\StableDiffusionCppCli.csproj", "{BE5A900D-F83B-4C6C-A03F-E392AFA43408}"
EndProject
Global
	GlobalSection(SolutionConfigurationPlatforms) = preSolution
		Debug|Any CPU = Debug|Any CPU
		Release|Any CPU = Release|Any CPU
	EndGlobalSection
	GlobalSection(SolutionProperties) = preSolution
		HideSolutionNode = FALSE
	EndGlobalSection
	GlobalSection(ProjectConfigurationPlatforms) = postSolution
		{AFC07806-1586-4D81-9E00-F74EFE03856C}.Debug|Any CPU.ActiveCfg = Debug|Any CPU
		{AFC07806-1586-4D81-9E00-F74EFE03856C}.Debug|Any CPU.Build.0 = Debug|Any CPU
		{AFC07806-1586-4D81-9E00-F74EFE03856C}.Release|Any CPU.ActiveCfg = Release|Any CPU
		{AFC07806-1586-4D81-9E00-F74EFE03856C}.Release|Any CPU.Build.0 = Release|Any CPU
		{BE5A900D-F83B-4C6C-A03F-E392AFA43408}.Debug|Any CPU.ActiveCfg = Debug|Any CPU
		{BE5A900D-F83B-4C6C-A03F-E392AFA43408}.Debug|Any CPU.Build.0 = Debug|Any CPU
		{BE5A900D-F83B-4C6C-A03F-E392AFA43408}.Release|Any CPU.ActiveCfg = Release|Any CPU
		{BE5A900D-F83B-4C6C-A03F-E392AFA43408}.Release|Any CPU.Build.0 = Release|Any CPU
	EndGlobalSection
EndGlobal
